
Microsoft Visual Studio Solution File, Format Version 12.00
# Visual Studio 15
VisualStudioVersion = 15.0.27130.2036
MinimumVisualStudioVersion = 10.0.40219.1
Project("{FAE04EC0-301F-11D3-BF4B-00C04F79EFBC}") = "PubLibIS_View", "PubLibIS_View\PubLibIS_View.csproj", "{EF79EB02-ADDC-4D53-8D7B-DF40F1F42DBE}"
EndProject
Project("{FAE04EC0-301F-11D3-BF4B-00C04F79EFBC}") = "PubLibIS_BLL", "PubLibIS_BLL\PubLibIS_BLL.csproj", "{CCAFEF56-05B1-404D-AAAF-800443CFBA7A}"
EndProject
Project("{FAE04EC0-301F-11D3-BF4B-00C04F79EFBC}") = "PubLibIS_DAL", "PubLibIS_DAL\PubLibIS_DAL.csproj", "{7127299F-849E-473F-B201-4273BA25B4A5}"
EndProject
Project("{FAE04EC0-301F-11D3-BF4B-00C04F79EFBC}") = "ViewModels", "ViewModels\ViewModels.csproj", "{AC8A9FF0-2B2B-4C14-AC58-068CDA0A7C8F}"
EndProject
Global
	GlobalSection(SolutionConfigurationPlatforms) = preSolution
		Debug|Any CPU = Debug|Any CPU
		Release|Any CPU = Release|Any CPU
	EndGlobalSection
	GlobalSection(ProjectConfigurationPlatforms) = postSolution
		{EF79EB02-ADDC-4D53-8D7B-DF40F1F42DBE}.Debug|Any CPU.ActiveCfg = Debug|Any CPU
		{EF79EB02-ADDC-4D53-8D7B-DF40F1F42DBE}.Debug|Any CPU.Build.0 = Debug|Any CPU
		{EF79EB02-ADDC-4D53-8D7B-DF40F1F42DBE}.Release|Any CPU.ActiveCfg = Release|Any CPU
		{EF79EB02-ADDC-4D53-8D7B-DF40F1F42DBE}.Release|Any CPU.Build.0 = Release|Any CPU
		{CCAFEF56-05B1-404D-AAAF-800443CFBA7A}.Debug|Any CPU.ActiveCfg = Debug|Any CPU
		{CCAFEF56-05B1-404D-AAAF-800443CFBA7A}.Debug|Any CPU.Build.0 = Debug|Any CPU
		{CCAFEF56-05B1-404D-AAAF-800443CFBA7A}.Release|Any CPU.ActiveCfg = Release|Any CPU
		{CCAFEF56-05B1-404D-AAAF-800443CFBA7A}.Release|Any CPU.Build.0 = Release|Any CPU
		{7127299F-849E-473F-B201-4273BA25B4A5}.Debug|Any CPU.ActiveCfg = Debug|Any CPU
		{7127299F-849E-473F-B201-4273BA25B4A5}.Debug|Any CPU.Build.0 = Debug|Any CPU
		{7127299F-849E-473F-B201-4273BA25B4A5}.Release|Any CPU.ActiveCfg = Release|Any CPU
		{7127299F-849E-473F-B201-4273BA25B4A5}.Release|Any CPU.Build.0 = Release|Any CPU
		{AC8A9FF0-2B2B-4C14-AC58-068CDA0A7C8F}.Debug|Any CPU.ActiveCfg = Debug|Any CPU
		{AC8A9FF0-2B2B-4C14-AC58-068CDA0A7C8F}.Debug|Any CPU.Build.0 = Debug|Any CPU
		{AC8A9FF0-2B2B-4C14-AC58-068CDA0A7C8F}.Release|Any CPU.ActiveCfg = Release|Any CPU
		{AC8A9FF0-2B2B-4C14-AC58-068CDA0A7C8F}.Release|Any CPU.Build.0 = Release|Any CPU
	EndGlobalSection
	GlobalSection(SolutionProperties) = preSolution
		HideSolutionNode = FALSE
	EndGlobalSection
	GlobalSection(ExtensibilityGlobals) = postSolution
		SolutionGuid = {BFE3DC89-A202-4D35-88E6-73DA4745E464}
	EndGlobalSection
EndGlobal
